
Microsoft Visual Studio Solution File, Format Version 12.00
# Visual Studio Version 16
VisualStudioVersion = 16.0.31515.178
MinimumVisualStudioVersion = 10.0.40219.1
Project("{9A19103F-16F7-4668-BE54-9A1E7A4F7556}") = "part 1", "lab 1\part 1.csproj", "{12A449AE-FD62-4358-B7F7-2C38ABB0636F}"
EndProject
Project("{FAE04EC0-301F-11D3-BF4B-00C04F79EFBC}") = "part 2", "part 2\part 2.csproj", "{367D32A4-C680-4F84-92B5-47AB4E49AF0C}"
EndProject
Project("{FAE04EC0-301F-11D3-BF4B-00C04F79EFBC}") = "part 3", "part 3\part 3.csproj", "{FABD8F9C-5F04-4E07-9CB8-B275DC1655EC}"
EndProject
Global
	GlobalSection(SolutionConfigurationPlatforms) = preSolution
		Debug|Any CPU = Debug|Any CPU
		Release|Any CPU = Release|Any CPU
	EndGlobalSection
	GlobalSection(ProjectConfigurationPlatforms) = postSolution
		{12A449AE-FD62-4358-B7F7-2C38ABB0636F}.Debug|Any CPU.ActiveCfg = Debug|Any CPU
		{12A449AE-FD62-4358-B7F7-2C38ABB0636F}.Debug|Any CPU.Build.0 = Debug|Any CPU
		{12A449AE-FD62-4358-B7F7-2C38ABB0636F}.Release|Any CPU.ActiveCfg = Release|Any CPU
		{12A449AE-FD62-4358-B7F7-2C38ABB0636F}.Release|Any CPU.Build.0 = Release|Any CPU
		{367D32A4-C680-4F84-92B5-47AB4E49AF0C}.Debug|Any CPU.ActiveCfg = Debug|Any CPU
		{367D32A4-C680-4F84-92B5-47AB4E49AF0C}.Debug|Any CPU.Build.0 = Debug|Any CPU
		{367D32A4-C680-4F84-92B5-47AB4E49AF0C}.Release|Any CPU.ActiveCfg = Release|Any CPU
		{367D32A4-C680-4F84-92B5-47AB4E49AF0C}.Release|Any CPU.Build.0 = Release|Any CPU
		{FABD8F9C-5F04-4E07-9CB8-B275DC1655EC}.Debug|Any CPU.ActiveCfg = Debug|Any CPU
		{FABD8F9C-5F04-4E07-9CB8-B275DC1655EC}.Debug|Any CPU.Build.0 = Debug|Any CPU
		{FABD8F9C-5F04-4E07-9CB8-B275DC1655EC}.Release|Any CPU.ActiveCfg = Release|Any CPU
		{FABD8F9C-5F04-4E07-9CB8-B275DC1655EC}.Release|Any CPU.Build.0 = Release|Any CPU
	EndGlobalSection
	GlobalSection(SolutionProperties) = preSolution
		HideSolutionNode = FALSE
	EndGlobalSection
	GlobalSection(ExtensibilityGlobals) = postSolution
		SolutionGuid = {2C71BB75-3DE3-4429-9ACD-4C8FA98EE83C}
	EndGlobalSection
EndGlobal
